
Microsoft Visual Studio Solution File, Format Version 12.00
# Visual Studio 15
VisualStudioVersion = 15.0.28307.539
MinimumVisualStudioVersion = 10.0.40219.1
Project("{E24C65DC-7377-472B-9ABA-BC803B73C61A}") = "www", "www\", "{EE378DE6-8B82-4156-BE3C-28E8DE639144}"
	ProjectSection(WebsiteProperties) = preProject
		TargetFrameworkMoniker = ".NETFramework,Version%3Dv4.7.2"
		Debug.AspNetCompiler.VirtualPath = "/localhost_64090"
		Debug.AspNetCompiler.PhysicalPath = "www\"
		Debug.AspNetCompiler.TargetPath = "PrecompiledWeb\localhost_64090\"
		Debug.AspNetCompiler.Updateable = "true"
		Debug.AspNetCompiler.ForceOverwrite = "true"
		Debug.AspNetCompiler.FixedNames = "false"
		Debug.AspNetCompiler.Debug = "True"
		Release.AspNetCompiler.VirtualPath = "/localhost_64090"
		Release.AspNetCompiler.PhysicalPath = "www\"
		Release.AspNetCompiler.TargetPath = "PrecompiledWeb\localhost_64090\"
		Release.AspNetCompiler.Updateable = "true"
		Release.AspNetCompiler.ForceOverwrite = "true"
		Release.AspNetCompiler.FixedNames = "false"
		Release.AspNetCompiler.Debug = "False"
		VWDPort = "64090"
		SlnRelativePath = "www\"
	EndProjectSection
EndProject
Project("{FAE04EC0-301F-11D3-BF4B-00C04F79EFBC}") = "assembly", "assembly\assembly.csproj", "{F66B9549-AD5D-4D96-A481-DCA5E89D5EA6}"
EndProject
Global
	GlobalSection(SolutionConfigurationPlatforms) = preSolution
		Debug|Any CPU = Debug|Any CPU
		Release|Any CPU = Release|Any CPU
	EndGlobalSection
	GlobalSection(ProjectConfigurationPlatforms) = postSolution
		{EE378DE6-8B82-4156-BE3C-28E8DE639144}.Debug|Any CPU.ActiveCfg = Debug|Any CPU
		{EE378DE6-8B82-4156-BE3C-28E8DE639144}.Debug|Any CPU.Build.0 = Debug|Any CPU
		{EE378DE6-8B82-4156-BE3C-28E8DE639144}.Release|Any CPU.ActiveCfg = Debug|Any CPU
		{EE378DE6-8B82-4156-BE3C-28E8DE639144}.Release|Any CPU.Build.0 = Debug|Any CPU
		{F66B9549-AD5D-4D96-A481-DCA5E89D5EA6}.Debug|Any CPU.ActiveCfg = Debug|Any CPU
		{F66B9549-AD5D-4D96-A481-DCA5E89D5EA6}.Debug|Any CPU.Build.0 = Debug|Any CPU
		{F66B9549-AD5D-4D96-A481-DCA5E89D5EA6}.Release|Any CPU.ActiveCfg = Release|Any CPU
		{F66B9549-AD5D-4D96-A481-DCA5E89D5EA6}.Release|Any CPU.Build.0 = Release|Any CPU
	EndGlobalSection
	GlobalSection(SolutionProperties) = preSolution
		HideSolutionNode = FALSE
	EndGlobalSection
	GlobalSection(ExtensibilityGlobals) = postSolution
		SolutionGuid = {6CB39CC9-3DD6-41EC-9BAF-EDE0B937010D}
	EndGlobalSection
EndGlobal
